
Microsoft Visual Studio Solution File, Format Version 12.00
# Visual Studio 14
VisualStudioVersion = 14.0.25420.1
MinimumVisualStudioVersion = 10.0.40219.1
Project("{8BC9CEB8-8B4A-11D0-8D11-00A0C91BC942}") = "Exercise01", "Exercise1\Exercise1.vcxproj", "{15E10BA2-6A52-404A-818D-833CB8F2AAC1}"
EndProject
Project("{8BC9CEB8-8B4A-11D0-8D11-00A0C91BC942}") = "Exercise02", "Exercise2\Exercise2.vcxproj", "{8864525D-1FA0-4A40-B4A8-72AC897CFB6D}"
EndProject
Project("{8BC9CEB8-8B4A-11D0-8D11-00A0C91BC942}") = "Exercise03", "Exercise3\Exercise3.vcxproj", "{D8CF539E-7439-4722-9CBB-A6F57A0A352A}"
EndProject
Project("{8BC9CEB8-8B4A-11D0-8D11-00A0C91BC942}") = "Exercise04", "Exercise4\Exercise4.vcxproj", "{EDE81800-4815-47AB-B215-AA8CB13E4C92}"
EndProject
Project("{8BC9CEB8-8B4A-11D0-8D11-00A0C91BC942}") = "Exercise05", "Exercise5\Exercise5.vcxproj", "{D39AB210-55EF-4F96-A807-E4176B29CEA9}"
EndProject
Project("{8BC9CEB8-8B4A-11D0-8D11-00A0C91BC942}") = "Exercise06", "Exercise6\Exercise6.vcxproj", "{5D7CC8CB-0663-4FE6-B99E-FCE566322D2C}"
EndProject
Project("{8BC9CEB8-8B4A-11D0-8D11-00A0C91BC942}") = "Exercise07", "Exercise7\Exercise7.vcxproj", "{4F7267F4-E3E4-4466-8814-E21E10B8712C}"
EndProject
Project("{8BC9CEB8-8B4A-11D0-8D11-00A0C91BC942}") = "Exercise08", "Exercise8\Exercise8.vcxproj", "{313920DA-DD8B-4662-B1A6-40BCFCF81762}"
EndProject
Project("{8BC9CEB8-8B4A-11D0-8D11-00A0C91BC942}") = "Exercise09", "Exercise9\Exercise9.vcxproj", "{33AAFF65-44F1-4400-82C8-6A366BD0B851}"
EndProject
Project("{8BC9CEB8-8B4A-11D0-8D11-00A0C91BC942}") = "Exercise10", "Exercise10\Exercise10.vcxproj", "{8A665CCA-B08D-46DB-9F00-B8FC8AF16A92}"
EndProject
Project("{8BC9CEB8-8B4A-11D0-8D11-00A0C91BC942}") = "Coursework", "Coursework\Coursework.vcxproj", "{AC4DB085-C65D-4DA3-A558-D69F81750407}"
EndProject
Global
	GlobalSection(SolutionConfigurationPlatforms) = preSolution
		Debug|x64 = Debug|x64
		Debug|x86 = Debug|x86
		Release|x64 = Release|x64
		Release|x86 = Release|x86
	EndGlobalSection
	GlobalSection(ProjectConfigurationPlatforms) = postSolution
		{15E10BA2-6A52-404A-818D-833CB8F2AAC1}.Debug|x64.ActiveCfg = Debug|x64
		{15E10BA2-6A52-404A-818D-833CB8F2AAC1}.Debug|x64.Build.0 = Debug|x64
		{15E10BA2-6A52-404A-818D-833CB8F2AAC1}.Debug|x86.ActiveCfg = Debug|Win32
		{15E10BA2-6A52-404A-818D-833CB8F2AAC1}.Debug|x86.Build.0 = Debug|Win32
		{15E10BA2-6A52-404A-818D-833CB8F2AAC1}.Release|x64.ActiveCfg = Release|x64
		{15E10BA2-6A52-404A-818D-833CB8F2AAC1}.Release|x64.Build.0 = Release|x64
		{15E10BA2-6A52-404A-818D-833CB8F2AAC1}.Release|x86.ActiveCfg = Release|Win32
		{15E10BA2-6A52-404A-818D-833CB8F2AAC1}.Release|x86.Build.0 = Release|Win32
		{8864525D-1FA0-4A40-B4A8-72AC897CFB6D}.Debug|x64.ActiveCfg = Debug|x64
		{8864525D-1FA0-4A40-B4A8-72AC897CFB6D}.Debug|x64.Build.0 = Debug|x64
		{8864525D-1FA0-4A40-B4A8-72AC897CFB6D}.Debug|x86.ActiveCfg = Debug|Win32
		{8864525D-1FA0-4A40-B4A8-72AC897CFB6D}.Debug|x86.Build.0 = Debug|Win32
		{8864525D-1FA0-4A40-B4A8-72AC897CFB6D}.Release|x64.ActiveCfg = Release|x64
		{8864525D-1FA0-4A40-B4A8-72AC897CFB6D}.Release|x64.Build.0 = Release|x64
		{8864525D-1FA0-4A40-B4A8-72AC897CFB6D}.Release|x86.ActiveCfg = Release|Win32
		{8864525D-1FA0-4A40-B4A8-72AC897CFB6D}.Release|x86.Build.0 = Release|Win32
		{D8CF539E-7439-4722-9CBB-A6F57A0A352A}.Debug|x64.ActiveCfg = Debug|x64
		{D8CF539E-7439-4722-9CBB-A6F57A0A352A}.Debug|x64.Build.0 = Debug|x64
		{D8CF539E-7439-4722-9CBB-A6F57A0A352A}.Debug|x86.ActiveCfg = Debug|Win32
		{D8CF539E-7439-4722-9CBB-A6F57A0A352A}.Debug|x86.Build.0 = Debug|Win32
		{D8CF539E-7439-4722-9CBB-A6F57A0A352A}.Release|x64.ActiveCfg = Release|x64
		{D8CF539E-7439-4722-9CBB-A6F57A0A352A}.Release|x64.Build.0 = Release|x64
		{D8CF539E-7439-4722-9CBB-A6F57A0A352A}.Release|x86.ActiveCfg = Release|Win32
		{D8CF539E-7439-4722-9CBB-A6F57A0A352A}.Release|x86.Build.0 = Release|Win32
		{EDE81800-4815-47AB-B215-AA8CB13E4C92}.Debug|x64.ActiveCfg = Debug|x64
		{EDE81800-4815-47AB-B215-AA8CB13E4C92}.Debug|x64.Build.0 = Debug|x64
		{EDE81800-4815-47AB-B215-AA8CB13E4C92}.Debug|x86.ActiveCfg = Debug|Win32
		{EDE81800-4815-47AB-B215-AA8CB13E4C92}.Debug|x86.Build.0 = Debug|Win32
		{EDE81800-4815-47AB-B215-AA8CB13E4C92}.Release|x64.ActiveCfg = Release|x64
		{EDE81800-4815-47AB-B215-AA8CB13E4C92}.Release|x64.Build.0 = Release|x64
		{EDE81800-4815-47AB-B215-AA8CB13E4C92}.Release|x86.ActiveCfg = Release|Win32
		{EDE81800-4815-47AB-B215-AA8CB13E4C92}.Release|x86.Build.0 = Release|Win32
		{D39AB210-55EF-4F96-A807-E4176B29CEA9}.Debug|x64.ActiveCfg = Debug|x64
		{D39AB210-55EF-4F96-A807-E4176B29CEA9}.Debug|x64.Build.0 = Debug|x64
		{D39AB210-55EF-4F96-A807-E4176B29CEA9}.Debug|x86.ActiveCfg = Debug|Win32
		{D39AB210-55EF-4F96-A807-E4176B29CEA9}.Debug|x86.Build.0 = Debug|Win32
		{D39AB210-55EF-4F96-A807-E4176B29CEA9}.Release|x64.ActiveCfg = Release|x64
		{D39AB210-55EF-4F96-A807-E4176B29CEA9}.Release|x64.Build.0 = Release|x64
		{D39AB210-55EF-4F96-A807-E4176B29CEA9}.Release|x86.ActiveCfg = Release|Win32
		{D39AB210-55EF-4F96-A807-E4176B29CEA9}.Release|x86.Build.0 = Release|Win32
		{5D7CC8CB-0663-4FE6-B99E-FCE566322D2C}.Debug|x64.ActiveCfg = Debug|x64
		{5D7CC8CB-0663-4FE6-B99E-FCE566322D2C}.Debug|x64.Build.0 = Debug|x64
		{5D7CC8CB-0663-4FE6-B99E-FCE566322D2C}.Debug|x86.ActiveCfg = Debug|Win32
		{5D7CC8CB-0663-4FE6-B99E-FCE566322D2C}.Debug|x86.Build.0 = Debug|Win32
		{5D7CC8CB-0663-4FE6-B99E-FCE566322D2C}.Release|x64.ActiveCfg = Release|x64
		{5D7CC8CB-0663-4FE6-B99E-FCE566322D2C}.Release|x64.Build.0 = Release|x64
		{5D7CC8CB-0663-4FE6-B99E-FCE566322D2C}.Release|x86.ActiveCfg = Release|Win32
		{5D7CC8CB-0663-4FE6-B99E-FCE566322D2C}.Release|x86.Build.0 = Release|Win32
		{4F7267F4-E3E4-4466-8814-E21E10B8712C}.Debug|x64.ActiveCfg = Debug|x64
		{4F7267F4-E3E4-4466-8814-E21E10B8712C}.Debug|x64.Build.0 = Debug|x64
		{4F7267F4-E3E4-4466-8814-E21E10B8712C}.Debug|x86.ActiveCfg = Debug|Win32
		{4F7267F4-E3E4-4466-8814-E21E10B8712C}.Debug|x86.Build.0 = Debug|Win32
		{4F7267F4-E3E4-4466-8814-E21E10B8712C}.Release|x64.ActiveCfg = Release|x64
		{4F7267F4-E3E4-4466-8814-E21E10B8712C}.Release|x64.Build.0 = Release|x64
		{4F7267F4-E3E4-4466-8814-E21E10B8712C}.Release|x86.ActiveCfg = Release|Win32
		{4F7267F4-E3E4-4466-8814-E21E10B8712C}.Release|x86.Build.0 = Release|Win32
		{313920DA-DD8B-4662-B1A6-40BCFCF81762}.Debug|x64.ActiveCfg = Debug|x64
		{313920DA-DD8B-4662-B1A6-40BCFCF81762}.Debug|x64.Build.0 = Debug|x64
		{313920DA-DD8B-4662-B1A6-40BCFCF81762}.Debug|x86.ActiveCfg = Debug|Win32
		{313920DA-DD8B-4662-B1A6-40BCFCF81762}.Debug|x86.Build.0 = Debug|Win32
		{313920DA-DD8B-4662-B1A6-40BCFCF81762}.Release|x64.ActiveCfg = Release|x64
		{313920DA-DD8B-4662-B1A6-40BCFCF81762}.Release|x64.Build.0 = Release|x64
		{313920DA-DD8B-4662-B1A6-40BCFCF81762}.Release|x86.ActiveCfg = Release|Win32
		{313920DA-DD8B-4662-B1A6-40BCFCF81762}.Release|x86.Build.0 = Release|Win32
		{33AAFF65-44F1-4400-82C8-6A366BD0B851}.Debug|x64.ActiveCfg = Debug|x64
		{33AAFF65-44F1-4400-82C8-6A366BD0B851}.Debug|x64.Build.0 = Debug|x64
		{33AAFF65-44F1-4400-82C8-6A366BD0B851}.Debug|x86.ActiveCfg = Debug|Win32
		{33AAFF65-44F1-4400-82C8-6A366BD0B851}.Debug|x86.Build.0 = Debug|Win32
		{33AAFF65-44F1-4400-82C8-6A366BD0B851}.Release|x64.ActiveCfg = Release|x64
		{33AAFF65-44F1-4400-82C8-6A366BD0B851}.Release|x64.Build.0 = Release|x64
		{33AAFF65-44F1-4400-82C8-6A366BD0B851}.Release|x86.ActiveCfg = Release|Win32
		{33AAFF65-44F1-4400-82C8-6A366BD0B851}.Release|x86.Build.0 = Release|Win32
		{8A665CCA-B08D-46DB-9F00-B8FC8AF16A92}.Debug|x64.ActiveCfg = Debug|x64
		{8A665CCA-B08D-46DB-9F00-B8FC8AF16A92}.Debug|x64.Build.0 = Debug|x64
		{8A665CCA-B08D-46DB-9F00-B8FC8AF16A92}.Debug|x86.ActiveCfg = Debug|Win32
		{8A665CCA-B08D-46DB-9F00-B8FC8AF16A92}.Debug|x86.Build.0 = Debug|Win32
		{8A665CCA-B08D-46DB-9F00-B8FC8AF16A92}.Release|x64.ActiveCfg = Release|x64
		{8A665CCA-B08D-46DB-9F00-B8FC8AF16A92}.Release|x64.Build.0 = Release|x64
		{8A665CCA-B08D-46DB-9F00-B8FC8AF16A92}.Release|x86.ActiveCfg = Release|Win32
		{8A665CCA-B08D-46DB-9F00-B8FC8AF16A92}.Release|x86.Build.0 = Release|Win32
		{AC4DB085-C65D-4DA3-A558-D69F81750407}.Debug|x64.ActiveCfg = Debug|x64
		{AC4DB085-C65D-4DA3-A558-D69F81750407}.Debug|x64.Build.0 = Debug|x64
		{AC4DB085-C65D-4DA3-A558-D69F81750407}.Debug|x86.ActiveCfg = Debug|Win32
		{AC4DB085-C65D-4DA3-A558-D69F81750407}.Debug|x86.Build.0 = Debug|Win32
		{AC4DB085-C65D-4DA3-A558-D69F81750407}.Release|x64.ActiveCfg = Release|x64
		{AC4DB085-C65D-4DA3-A558-D69F81750407}.Release|x64.Build.0 = Release|x64
		{AC4DB085-C65D-4DA3-A558-D69F81750407}.Release|x86.ActiveCfg = Release|Win32
		{AC4DB085-C65D-4DA3-A558-D69F81750407}.Release|x86.Build.0 = Release|Win32
	EndGlobalSection
	GlobalSection(SolutionProperties) = preSolution
		HideSolutionNode = FALSE
	EndGlobalSection
	GlobalSection(ExtensibilityGlobals) = postSolution
		SolutionGuid = {2CA9BCEE-71FB-47F3-BCE4-ACFFDCE2B67E}
	EndGlobalSection
EndGlobal
