
Microsoft Visual Studio Solution File, Format Version 12.00
# Visual Studio 15
VisualStudioVersion = 15.0.27130.2027
MinimumVisualStudioVersion = 10.0.40219.1
Project("{8BC9CEB8-8B4A-11D0-8D11-00A0C91BC942}") = "Exercise1", "Exercise1\Exercise1.vcxproj", "{A4D6009F-DD4B-4CC3-804F-25E3FFC1DE77}"
EndProject
Project("{8BC9CEB8-8B4A-11D0-8D11-00A0C91BC942}") = "Exercise2", "Exercise2\Exercise2.vcxproj", "{0451C41A-9BC6-4F73-B99D-FB247A1E7221}"
EndProject
Project("{8BC9CEB8-8B4A-11D0-8D11-00A0C91BC942}") = "Exercise3", "Exercise3\Exercise3.vcxproj", "{9D88319F-C265-462A-A552-51379E21ACF2}"
EndProject
Project("{8BC9CEB8-8B4A-11D0-8D11-00A0C91BC942}") = "Exercise4", "Exercise4\Exercise4.vcxproj", "{0D3E55F0-85E1-41C6-B0AC-9EEB3594FEEC}"
EndProject
Global
	GlobalSection(SolutionConfigurationPlatforms) = preSolution
		Debug|x64 = Debug|x64
		Debug|x86 = Debug|x86
		Release|x64 = Release|x64
		Release|x86 = Release|x86
	EndGlobalSection
	GlobalSection(ProjectConfigurationPlatforms) = postSolution
		{A4D6009F-DD4B-4CC3-804F-25E3FFC1DE77}.Debug|x64.ActiveCfg = Debug|x64
		{A4D6009F-DD4B-4CC3-804F-25E3FFC1DE77}.Debug|x64.Build.0 = Debug|x64
		{A4D6009F-DD4B-4CC3-804F-25E3FFC1DE77}.Debug|x86.ActiveCfg = Debug|Win32
		{A4D6009F-DD4B-4CC3-804F-25E3FFC1DE77}.Debug|x86.Build.0 = Debug|Win32
		{A4D6009F-DD4B-4CC3-804F-25E3FFC1DE77}.Release|x64.ActiveCfg = Release|x64
		{A4D6009F-DD4B-4CC3-804F-25E3FFC1DE77}.Release|x64.Build.0 = Release|x64
		{A4D6009F-DD4B-4CC3-804F-25E3FFC1DE77}.Release|x86.ActiveCfg = Release|Win32
		{A4D6009F-DD4B-4CC3-804F-25E3FFC1DE77}.Release|x86.Build.0 = Release|Win32
		{0451C41A-9BC6-4F73-B99D-FB247A1E7221}.Debug|x64.ActiveCfg = Debug|x64
		{0451C41A-9BC6-4F73-B99D-FB247A1E7221}.Debug|x64.Build.0 = Debug|x64
		{0451C41A-9BC6-4F73-B99D-FB247A1E7221}.Debug|x86.ActiveCfg = Debug|Win32
		{0451C41A-9BC6-4F73-B99D-FB247A1E7221}.Debug|x86.Build.0 = Debug|Win32
		{0451C41A-9BC6-4F73-B99D-FB247A1E7221}.Release|x64.ActiveCfg = Release|x64
		{0451C41A-9BC6-4F73-B99D-FB247A1E7221}.Release|x64.Build.0 = Release|x64
		{0451C41A-9BC6-4F73-B99D-FB247A1E7221}.Release|x86.ActiveCfg = Release|Win32
		{0451C41A-9BC6-4F73-B99D-FB247A1E7221}.Release|x86.Build.0 = Release|Win32
		{9D88319F-C265-462A-A552-51379E21ACF2}.Debug|x64.ActiveCfg = Debug|x64
		{9D88319F-C265-462A-A552-51379E21ACF2}.Debug|x64.Build.0 = Debug|x64
		{9D88319F-C265-462A-A552-51379E21ACF2}.Debug|x86.ActiveCfg = Debug|Win32
		{9D88319F-C265-462A-A552-51379E21ACF2}.Debug|x86.Build.0 = Debug|Win32
		{9D88319F-C265-462A-A552-51379E21ACF2}.Release|x64.ActiveCfg = Release|x64
		{9D88319F-C265-462A-A552-51379E21ACF2}.Release|x64.Build.0 = Release|x64
		{9D88319F-C265-462A-A552-51379E21ACF2}.Release|x86.ActiveCfg = Release|Win32
		{9D88319F-C265-462A-A552-51379E21ACF2}.Release|x86.Build.0 = Release|Win32
		{0D3E55F0-85E1-41C6-B0AC-9EEB3594FEEC}.Debug|x64.ActiveCfg = Debug|x64
		{0D3E55F0-85E1-41C6-B0AC-9EEB3594FEEC}.Debug|x64.Build.0 = Debug|x64
		{0D3E55F0-85E1-41C6-B0AC-9EEB3594FEEC}.Debug|x86.ActiveCfg = Debug|Win32
		{0D3E55F0-85E1-41C6-B0AC-9EEB3594FEEC}.Debug|x86.Build.0 = Debug|Win32
		{0D3E55F0-85E1-41C6-B0AC-9EEB3594FEEC}.Release|x64.ActiveCfg = Release|x64
		{0D3E55F0-85E1-41C6-B0AC-9EEB3594FEEC}.Release|x64.Build.0 = Release|x64
		{0D3E55F0-85E1-41C6-B0AC-9EEB3594FEEC}.Release|x86.ActiveCfg = Release|Win32
		{0D3E55F0-85E1-41C6-B0AC-9EEB3594FEEC}.Release|x86.Build.0 = Release|Win32
	EndGlobalSection
	GlobalSection(SolutionProperties) = preSolution
		HideSolutionNode = FALSE
	EndGlobalSection
	GlobalSection(ExtensibilityGlobals) = postSolution
		SolutionGuid = {B3A49986-9695-4705-AC76-B659F29FFA00}
	EndGlobalSection
EndGlobal
