
Microsoft Visual Studio Solution File, Format Version 12.00
# Visual Studio 2012
Project("{FAE04EC0-301F-11D3-BF4B-00C04F79EFBC}") = "Exercise1", "Exercise1\Exercise1.csproj", "{A85510D6-812C-41DC-BE21-B1E1A94570AF}"
EndProject
Project("{FAE04EC0-301F-11D3-BF4B-00C04F79EFBC}") = "Exercise2", "Exercise2\Exercise2.csproj", "{FCCB17AD-7A04-4DFC-83FA-72DA5D78033D}"
EndProject
Global
	GlobalSection(SolutionConfigurationPlatforms) = preSolution
		Debug|Any CPU = Debug|Any CPU
		Release|Any CPU = Release|Any CPU
	EndGlobalSection
	GlobalSection(ProjectConfigurationPlatforms) = postSolution
		{A85510D6-812C-41DC-BE21-B1E1A94570AF}.Debug|Any CPU.ActiveCfg = Debug|Any CPU
		{A85510D6-812C-41DC-BE21-B1E1A94570AF}.Debug|Any CPU.Build.0 = Debug|Any CPU
		{A85510D6-812C-41DC-BE21-B1E1A94570AF}.Release|Any CPU.ActiveCfg = Release|Any CPU
		{A85510D6-812C-41DC-BE21-B1E1A94570AF}.Release|Any CPU.Build.0 = Release|Any CPU
		{FCCB17AD-7A04-4DFC-83FA-72DA5D78033D}.Debug|Any CPU.ActiveCfg = Debug|Any CPU
		{FCCB17AD-7A04-4DFC-83FA-72DA5D78033D}.Debug|Any CPU.Build.0 = Debug|Any CPU
		{FCCB17AD-7A04-4DFC-83FA-72DA5D78033D}.Release|Any CPU.ActiveCfg = Release|Any CPU
		{FCCB17AD-7A04-4DFC-83FA-72DA5D78033D}.Release|Any CPU.Build.0 = Release|Any CPU
	EndGlobalSection
EndGlobal
