
Microsoft Visual Studio Solution File, Format Version 12.00
# Visual Studio 14
VisualStudioVersion = 14.0.25420.1
MinimumVisualStudioVersion = 10.0.40219.1
Project("{8BC9CEB8-8B4A-11D0-8D11-00A0C91BC942}") = "Exercise1", "Exercise1\Exercise1.vcxproj", "{A4D6009F-DD4B-4CC3-804F-25E3FFC1DE77}"
EndProject
Project("{8BC9CEB8-8B4A-11D0-8D11-00A0C91BC942}") = "Exercise2", "Exercise2\Exercise2.vcxproj", "{0451C41A-9BC6-4F73-B99D-FB247A1E7221}"
EndProject
Project("{8BC9CEB8-8B4A-11D0-8D11-00A0C91BC942}") = "Exercise3", "Exercise3\Exercise3.vcxproj", "{9D88319F-C265-462A-A552-51379E21ACF2}"
EndProject
Project("{8BC9CEB8-8B4A-11D0-8D11-00A0C91BC942}") = "Exercise4", "Exercise4\Exercise4.vcxproj", "{0D3E55F0-85E1-41C6-B0AC-9EEB3594FEEC}"
EndProject
Project("{8BC9CEB8-8B4A-11D0-8D11-00A0C91BC942}") = "Exercise5", "Exercise5\Exercise5.vcxproj", "{8381022B-A90E-4C1C-BA59-16C792FFE7F7}"
EndProject
Project("{8BC9CEB8-8B4A-11D0-8D11-00A0C91BC942}") = "Exercise6-master", "Exercise6-master\Exercise6-master.vcxproj", "{EA00DA0B-3DA9-4736-9717-45CCF67C0BBF}"
EndProject
Project("{8BC9CEB8-8B4A-11D0-8D11-00A0C91BC942}") = "Exercise6-slave", "Exercise6-slave\Exercise6-slave.vcxproj", "{50B13CE6-9CBA-4E6B-B5E3-A5DC7FA947F7}"
EndProject
Project("{8BC9CEB8-8B4A-11D0-8D11-00A0C91BC942}") = "Exercise7", "Exercise7\Exercise7.vcxproj", "{4A344D84-4487-42B8-806F-29C4E6C79681}"
EndProject
Project("{8BC9CEB8-8B4A-11D0-8D11-00A0C91BC942}") = "Exercise8", "Exercise8\Exercise8.vcxproj", "{DE1A3B1C-E112-4394-9EFA-72EC17B963E4}"
EndProject
Global
	GlobalSection(SolutionConfigurationPlatforms) = preSolution
		Debug|x64 = Debug|x64
		Debug|x86 = Debug|x86
		Release|x64 = Release|x64
		Release|x86 = Release|x86
	EndGlobalSection
	GlobalSection(ProjectConfigurationPlatforms) = postSolution
		{A4D6009F-DD4B-4CC3-804F-25E3FFC1DE77}.Debug|x64.ActiveCfg = Debug|x64
		{A4D6009F-DD4B-4CC3-804F-25E3FFC1DE77}.Debug|x64.Build.0 = Debug|x64
		{A4D6009F-DD4B-4CC3-804F-25E3FFC1DE77}.Debug|x86.ActiveCfg = Debug|Win32
		{A4D6009F-DD4B-4CC3-804F-25E3FFC1DE77}.Debug|x86.Build.0 = Debug|Win32
		{A4D6009F-DD4B-4CC3-804F-25E3FFC1DE77}.Release|x64.ActiveCfg = Release|x64
		{A4D6009F-DD4B-4CC3-804F-25E3FFC1DE77}.Release|x64.Build.0 = Release|x64
		{A4D6009F-DD4B-4CC3-804F-25E3FFC1DE77}.Release|x86.ActiveCfg = Release|Win32
		{A4D6009F-DD4B-4CC3-804F-25E3FFC1DE77}.Release|x86.Build.0 = Release|Win32
		{0451C41A-9BC6-4F73-B99D-FB247A1E7221}.Debug|x64.ActiveCfg = Debug|x64
		{0451C41A-9BC6-4F73-B99D-FB247A1E7221}.Debug|x64.Build.0 = Debug|x64
		{0451C41A-9BC6-4F73-B99D-FB247A1E7221}.Debug|x86.ActiveCfg = Debug|Win32
		{0451C41A-9BC6-4F73-B99D-FB247A1E7221}.Debug|x86.Build.0 = Debug|Win32
		{0451C41A-9BC6-4F73-B99D-FB247A1E7221}.Release|x64.ActiveCfg = Release|x64
		{0451C41A-9BC6-4F73-B99D-FB247A1E7221}.Release|x64.Build.0 = Release|x64
		{0451C41A-9BC6-4F73-B99D-FB247A1E7221}.Release|x86.ActiveCfg = Release|Win32
		{0451C41A-9BC6-4F73-B99D-FB247A1E7221}.Release|x86.Build.0 = Release|Win32
		{9D88319F-C265-462A-A552-51379E21ACF2}.Debug|x64.ActiveCfg = Debug|x64
		{9D88319F-C265-462A-A552-51379E21ACF2}.Debug|x64.Build.0 = Debug|x64
		{9D88319F-C265-462A-A552-51379E21ACF2}.Debug|x86.ActiveCfg = Debug|Win32
		{9D88319F-C265-462A-A552-51379E21ACF2}.Debug|x86.Build.0 = Debug|Win32
		{9D88319F-C265-462A-A552-51379E21ACF2}.Release|x64.ActiveCfg = Release|x64
		{9D88319F-C265-462A-A552-51379E21ACF2}.Release|x64.Build.0 = Release|x64
		{9D88319F-C265-462A-A552-51379E21ACF2}.Release|x86.ActiveCfg = Release|Win32
		{9D88319F-C265-462A-A552-51379E21ACF2}.Release|x86.Build.0 = Release|Win32
		{0D3E55F0-85E1-41C6-B0AC-9EEB3594FEEC}.Debug|x64.ActiveCfg = Debug|x64
		{0D3E55F0-85E1-41C6-B0AC-9EEB3594FEEC}.Debug|x64.Build.0 = Debug|x64
		{0D3E55F0-85E1-41C6-B0AC-9EEB3594FEEC}.Debug|x86.ActiveCfg = Debug|Win32
		{0D3E55F0-85E1-41C6-B0AC-9EEB3594FEEC}.Debug|x86.Build.0 = Debug|Win32
		{0D3E55F0-85E1-41C6-B0AC-9EEB3594FEEC}.Release|x64.ActiveCfg = Release|x64
		{0D3E55F0-85E1-41C6-B0AC-9EEB3594FEEC}.Release|x64.Build.0 = Release|x64
		{0D3E55F0-85E1-41C6-B0AC-9EEB3594FEEC}.Release|x86.ActiveCfg = Release|Win32
		{0D3E55F0-85E1-41C6-B0AC-9EEB3594FEEC}.Release|x86.Build.0 = Release|Win32
		{8381022B-A90E-4C1C-BA59-16C792FFE7F7}.Debug|x64.ActiveCfg = Debug|x64
		{8381022B-A90E-4C1C-BA59-16C792FFE7F7}.Debug|x64.Build.0 = Debug|x64
		{8381022B-A90E-4C1C-BA59-16C792FFE7F7}.Debug|x86.ActiveCfg = Debug|Win32
		{8381022B-A90E-4C1C-BA59-16C792FFE7F7}.Debug|x86.Build.0 = Debug|Win32
		{8381022B-A90E-4C1C-BA59-16C792FFE7F7}.Release|x64.ActiveCfg = Release|x64
		{8381022B-A90E-4C1C-BA59-16C792FFE7F7}.Release|x64.Build.0 = Release|x64
		{8381022B-A90E-4C1C-BA59-16C792FFE7F7}.Release|x86.ActiveCfg = Release|Win32
		{8381022B-A90E-4C1C-BA59-16C792FFE7F7}.Release|x86.Build.0 = Release|Win32
		{EA00DA0B-3DA9-4736-9717-45CCF67C0BBF}.Debug|x64.ActiveCfg = Debug|x64
		{EA00DA0B-3DA9-4736-9717-45CCF67C0BBF}.Debug|x64.Build.0 = Debug|x64
		{EA00DA0B-3DA9-4736-9717-45CCF67C0BBF}.Debug|x86.ActiveCfg = Debug|Win32
		{EA00DA0B-3DA9-4736-9717-45CCF67C0BBF}.Debug|x86.Build.0 = Debug|Win32
		{EA00DA0B-3DA9-4736-9717-45CCF67C0BBF}.Release|x64.ActiveCfg = Release|x64
		{EA00DA0B-3DA9-4736-9717-45CCF67C0BBF}.Release|x64.Build.0 = Release|x64
		{EA00DA0B-3DA9-4736-9717-45CCF67C0BBF}.Release|x86.ActiveCfg = Release|Win32
		{EA00DA0B-3DA9-4736-9717-45CCF67C0BBF}.Release|x86.Build.0 = Release|Win32
		{50B13CE6-9CBA-4E6B-B5E3-A5DC7FA947F7}.Debug|x64.ActiveCfg = Debug|x64
		{50B13CE6-9CBA-4E6B-B5E3-A5DC7FA947F7}.Debug|x64.Build.0 = Debug|x64
		{50B13CE6-9CBA-4E6B-B5E3-A5DC7FA947F7}.Debug|x86.ActiveCfg = Debug|Win32
		{50B13CE6-9CBA-4E6B-B5E3-A5DC7FA947F7}.Debug|x86.Build.0 = Debug|Win32
		{50B13CE6-9CBA-4E6B-B5E3-A5DC7FA947F7}.Release|x64.ActiveCfg = Release|x64
		{50B13CE6-9CBA-4E6B-B5E3-A5DC7FA947F7}.Release|x64.Build.0 = Release|x64
		{50B13CE6-9CBA-4E6B-B5E3-A5DC7FA947F7}.Release|x86.ActiveCfg = Release|Win32
		{50B13CE6-9CBA-4E6B-B5E3-A5DC7FA947F7}.Release|x86.Build.0 = Release|Win32
		{4A344D84-4487-42B8-806F-29C4E6C79681}.Debug|x64.ActiveCfg = Debug|x64
		{4A344D84-4487-42B8-806F-29C4E6C79681}.Debug|x64.Build.0 = Debug|x64
		{4A344D84-4487-42B8-806F-29C4E6C79681}.Debug|x86.ActiveCfg = Debug|Win32
		{4A344D84-4487-42B8-806F-29C4E6C79681}.Debug|x86.Build.0 = Debug|Win32
		{4A344D84-4487-42B8-806F-29C4E6C79681}.Release|x64.ActiveCfg = Release|x64
		{4A344D84-4487-42B8-806F-29C4E6C79681}.Release|x64.Build.0 = Release|x64
		{4A344D84-4487-42B8-806F-29C4E6C79681}.Release|x86.ActiveCfg = Release|Win32
		{4A344D84-4487-42B8-806F-29C4E6C79681}.Release|x86.Build.0 = Release|Win32
		{DE1A3B1C-E112-4394-9EFA-72EC17B963E4}.Debug|x64.ActiveCfg = Debug|x64
		{DE1A3B1C-E112-4394-9EFA-72EC17B963E4}.Debug|x64.Build.0 = Debug|x64
		{DE1A3B1C-E112-4394-9EFA-72EC17B963E4}.Debug|x86.ActiveCfg = Debug|Win32
		{DE1A3B1C-E112-4394-9EFA-72EC17B963E4}.Debug|x86.Build.0 = Debug|Win32
		{DE1A3B1C-E112-4394-9EFA-72EC17B963E4}.Release|x64.ActiveCfg = Release|x64
		{DE1A3B1C-E112-4394-9EFA-72EC17B963E4}.Release|x64.Build.0 = Release|x64
		{DE1A3B1C-E112-4394-9EFA-72EC17B963E4}.Release|x86.ActiveCfg = Release|Win32
		{DE1A3B1C-E112-4394-9EFA-72EC17B963E4}.Release|x86.Build.0 = Release|Win32
	EndGlobalSection
	GlobalSection(SolutionProperties) = preSolution
		HideSolutionNode = FALSE
	EndGlobalSection
	GlobalSection(ExtensibilityGlobals) = postSolution
		SolutionGuid = {B3A49986-9695-4705-AC76-B659F29FFA00}
	EndGlobalSection
EndGlobal
