
Microsoft Visual Studio Solution File, Format Version 12.00
# Visual Studio 15
VisualStudioVersion = 15.0.28010.2048
MinimumVisualStudioVersion = 10.0.40219.1
Project("{F184B08F-C81C-45F6-A57F-5ABD9991F28F}") = "Adder", "Adder\Adder.vbproj", "{F94156B6-7892-47A4-946C-7DA05DF8D3C8}"
EndProject
Project("{F184B08F-C81C-45F6-A57F-5ABD9991F28F}") = "InputSecond", "InputSecond\InputSecond.vbproj", "{6293CC2F-31EC-411D-8366-588D566F6F22}"
EndProject
Project("{FAE04EC0-301F-11D3-BF4B-00C04F79EFBC}") = "InputThird", "InputThird\InputThird.csproj", "{37986D41-8319-488F-8F8D-5BB5ABE64CD6}"
EndProject
Project("{8BC9CEB8-8B4A-11D0-8D11-00A0C91BC942}") = "InputFirst", "InputFirst\InputFirst.vcxproj", "{4A766BA5-D546-4F16-9FCA-D54ED31EBCD3}"
EndProject
Global
	GlobalSection(SolutionConfigurationPlatforms) = preSolution
		Debug|Any CPU = Debug|Any CPU
		Debug|x64 = Debug|x64
		Debug|x86 = Debug|x86
		Release|Any CPU = Release|Any CPU
		Release|x64 = Release|x64
		Release|x86 = Release|x86
	EndGlobalSection
	GlobalSection(ProjectConfigurationPlatforms) = postSolution
		{F94156B6-7892-47A4-946C-7DA05DF8D3C8}.Debug|Any CPU.ActiveCfg = Debug|Any CPU
		{F94156B6-7892-47A4-946C-7DA05DF8D3C8}.Debug|Any CPU.Build.0 = Debug|Any CPU
		{F94156B6-7892-47A4-946C-7DA05DF8D3C8}.Debug|x64.ActiveCfg = Debug|Any CPU
		{F94156B6-7892-47A4-946C-7DA05DF8D3C8}.Debug|x64.Build.0 = Debug|Any CPU
		{F94156B6-7892-47A4-946C-7DA05DF8D3C8}.Debug|x86.ActiveCfg = Debug|Any CPU
		{F94156B6-7892-47A4-946C-7DA05DF8D3C8}.Debug|x86.Build.0 = Debug|Any CPU
		{F94156B6-7892-47A4-946C-7DA05DF8D3C8}.Release|Any CPU.ActiveCfg = Release|Any CPU
		{F94156B6-7892-47A4-946C-7DA05DF8D3C8}.Release|Any CPU.Build.0 = Release|Any CPU
		{F94156B6-7892-47A4-946C-7DA05DF8D3C8}.Release|x64.ActiveCfg = Release|Any CPU
		{F94156B6-7892-47A4-946C-7DA05DF8D3C8}.Release|x64.Build.0 = Release|Any CPU
		{F94156B6-7892-47A4-946C-7DA05DF8D3C8}.Release|x86.ActiveCfg = Release|Any CPU
		{F94156B6-7892-47A4-946C-7DA05DF8D3C8}.Release|x86.Build.0 = Release|Any CPU
		{6293CC2F-31EC-411D-8366-588D566F6F22}.Debug|Any CPU.ActiveCfg = Debug|Any CPU
		{6293CC2F-31EC-411D-8366-588D566F6F22}.Debug|Any CPU.Build.0 = Debug|Any CPU
		{6293CC2F-31EC-411D-8366-588D566F6F22}.Debug|x64.ActiveCfg = Debug|Any CPU
		{6293CC2F-31EC-411D-8366-588D566F6F22}.Debug|x64.Build.0 = Debug|Any CPU
		{6293CC2F-31EC-411D-8366-588D566F6F22}.Debug|x86.ActiveCfg = Debug|Any CPU
		{6293CC2F-31EC-411D-8366-588D566F6F22}.Debug|x86.Build.0 = Debug|Any CPU
		{6293CC2F-31EC-411D-8366-588D566F6F22}.Release|Any CPU.ActiveCfg = Release|Any CPU
		{6293CC2F-31EC-411D-8366-588D566F6F22}.Release|Any CPU.Build.0 = Release|Any CPU
		{6293CC2F-31EC-411D-8366-588D566F6F22}.Release|x64.ActiveCfg = Release|Any CPU
		{6293CC2F-31EC-411D-8366-588D566F6F22}.Release|x64.Build.0 = Release|Any CPU
		{6293CC2F-31EC-411D-8366-588D566F6F22}.Release|x86.ActiveCfg = Release|Any CPU
		{6293CC2F-31EC-411D-8366-588D566F6F22}.Release|x86.Build.0 = Release|Any CPU
		{37986D41-8319-488F-8F8D-5BB5ABE64CD6}.Debug|Any CPU.ActiveCfg = Debug|Any CPU
		{37986D41-8319-488F-8F8D-5BB5ABE64CD6}.Debug|Any CPU.Build.0 = Debug|Any CPU
		{37986D41-8319-488F-8F8D-5BB5ABE64CD6}.Debug|x64.ActiveCfg = Debug|Any CPU
		{37986D41-8319-488F-8F8D-5BB5ABE64CD6}.Debug|x64.Build.0 = Debug|Any CPU
		{37986D41-8319-488F-8F8D-5BB5ABE64CD6}.Debug|x86.ActiveCfg = Debug|Any CPU
		{37986D41-8319-488F-8F8D-5BB5ABE64CD6}.Debug|x86.Build.0 = Debug|Any CPU
		{37986D41-8319-488F-8F8D-5BB5ABE64CD6}.Release|Any CPU.ActiveCfg = Release|Any CPU
		{37986D41-8319-488F-8F8D-5BB5ABE64CD6}.Release|Any CPU.Build.0 = Release|Any CPU
		{37986D41-8319-488F-8F8D-5BB5ABE64CD6}.Release|x64.ActiveCfg = Release|Any CPU
		{37986D41-8319-488F-8F8D-5BB5ABE64CD6}.Release|x64.Build.0 = Release|Any CPU
		{37986D41-8319-488F-8F8D-5BB5ABE64CD6}.Release|x86.ActiveCfg = Release|Any CPU
		{37986D41-8319-488F-8F8D-5BB5ABE64CD6}.Release|x86.Build.0 = Release|Any CPU
		{4A766BA5-D546-4F16-9FCA-D54ED31EBCD3}.Debug|Any CPU.ActiveCfg = Debug|Win32
		{4A766BA5-D546-4F16-9FCA-D54ED31EBCD3}.Debug|x64.ActiveCfg = Debug|x64
		{4A766BA5-D546-4F16-9FCA-D54ED31EBCD3}.Debug|x64.Build.0 = Debug|x64
		{4A766BA5-D546-4F16-9FCA-D54ED31EBCD3}.Debug|x86.ActiveCfg = Debug|Win32
		{4A766BA5-D546-4F16-9FCA-D54ED31EBCD3}.Debug|x86.Build.0 = Debug|Win32
		{4A766BA5-D546-4F16-9FCA-D54ED31EBCD3}.Release|Any CPU.ActiveCfg = Release|Win32
		{4A766BA5-D546-4F16-9FCA-D54ED31EBCD3}.Release|x64.ActiveCfg = Release|x64
		{4A766BA5-D546-4F16-9FCA-D54ED31EBCD3}.Release|x64.Build.0 = Release|x64
		{4A766BA5-D546-4F16-9FCA-D54ED31EBCD3}.Release|x86.ActiveCfg = Release|Win32
		{4A766BA5-D546-4F16-9FCA-D54ED31EBCD3}.Release|x86.Build.0 = Release|Win32
	EndGlobalSection
	GlobalSection(SolutionProperties) = preSolution
		HideSolutionNode = FALSE
	EndGlobalSection
	GlobalSection(ExtensibilityGlobals) = postSolution
		SolutionGuid = {055D21FC-D231-4F07-BD3E-D2C48675A2B6}
	EndGlobalSection
EndGlobal
